
Microsoft Visual Studio Solution File, Format Version 12.00
# Visual Studio Version 17
VisualStudioVersion = 17.6.33723.286
MinimumVisualStudioVersion = 10.0.40219.1
Project("{FAE04EC0-301F-11D3-BF4B-00C04F79EFBC}") = "MvcCv", "MvcCv\MvcCv.csproj", "{C9BAAEA7-0491-4047-AE92-AAAFB2DD6F7D}"
EndProject
Global
	GlobalSection(SolutionConfigurationPlatforms) = preSolution
		Debug|Any CPU = Debug|Any CPU
		Release|Any CPU = Release|Any CPU
	EndGlobalSection
	GlobalSection(ProjectConfigurationPlatforms) = postSolution
		{C9BAAEA7-0491-4047-AE92-AAAFB2DD6F7D}.Debug|Any CPU.ActiveCfg = Debug|Any CPU
		{C9BAAEA7-0491-4047-AE92-AAAFB2DD6F7D}.Debug|Any CPU.Build.0 = Debug|Any CPU
		{C9BAAEA7-0491-4047-AE92-AAAFB2DD6F7D}.Release|Any CPU.ActiveCfg = Release|Any CPU
		{C9BAAEA7-0491-4047-AE92-AAAFB2DD6F7D}.Release|Any CPU.Build.0 = Release|Any CPU
	EndGlobalSection
	GlobalSection(SolutionProperties) = preSolution
		HideSolutionNode = FALSE
	EndGlobalSection
	GlobalSection(ExtensibilityGlobals) = postSolution
		SolutionGuid = {5A0C306E-142A-419F-BE75-E5C3DF6FA61D}
	EndGlobalSection
EndGlobal
